// !$*UTF8*$!
{
	archiveVersion = 1;
	classes = {
	};
	objectVersion = 48;
	objects = {

/* Begin PBXBuildFile section */
		4BD7E5E5200DF7D80021A83D /* AppDelegate.swift in Sources */ = {isa = PBXBuildFile; fileRef = 4BD7E5E4200DF7D80021A83D /* AppDelegate.swift */; };
		4BD7E5EA200DF7D80021A83D /* Main.storyboard in Resources */ = {isa = PBXBuildFile; fileRef = 4BD7E5E8200DF7D80021A83D /* Main.storyboard */; };
		4BD7E5EC200DF7D80021A83D /* Assets.xcassets in Resources */ = {isa = PBXBuildFile; fileRef = 4BD7E5EB200DF7D80021A83D /* Assets.xcassets */; };
		4BD7E5EF200DF7D80021A83D /* LaunchScreen.storyboard in Resources */ = {isa = PBXBuildFile; fileRef = 4BD7E5ED200DF7D80021A83D /* LaunchScreen.storyboard */; };
		4BD7E5F9200DF8730021A83D /* SWRevealViewController.m in Sources */ = {isa = PBXBuildFile; fileRef = 4BD7E5F8200DF8730021A83D /* SWRevealViewController.m */; };
		4BD7E5FB200DFD010021A83D /* ViewController.swift in Sources */ = {isa = PBXBuildFile; fileRef = 4BD7E5FA200DFD010021A83D /* ViewController.swift */; };
/* End PBXBuildFile section */

/* Begin PBXFileReference section */
		4BD7E5E1200DF7D80021A83D /* SideMenu_2.app */ = {isa = PBXFileReference; explicitFileType = wrapper.application; includeInIndex = 0; path = SideMenu_2.app; sourceTree = BUILT_PRODUCTS_DIR; };
		4BD7E5E4200DF7D80021A83D /* AppDelegate.swift */ = {isa = PBXFileReference; lastKnownFileType = sourcecode.swift; path = AppDelegate.swift; sourceTree = "<group>"; };
		4BD7E5E9200DF7D80021A83D /* Base */ = {isa = PBXFileReference; lastKnownFileType = file.storyboard; name = Base; path = Base.lproj/Main.storyboard; sourceTree = "<group>"; };
		4BD7E5EB200DF7D80021A83D /* Assets.xcassets */ = {isa = PBXFileReference; lastKnownFileType = folder.assetcatalog; path = Assets.xcassets; sourceTree = "<group>"; };
		4BD7E5EE200DF7D80021A83D /* Base */ = {isa = PBXFileReference; lastKnownFileType = file.storyboard; name = Base; path = Base.lproj/LaunchScreen.storyboard; sourceTree = "<group>"; };
		4BD7E5F0200DF7D80021A83D /* Info.plist */ = {isa = PBXFileReference; lastKnownFileType = text.plist.xml; path = Info.plist; sourceTree = "<group>"; };
		4BD7E5F6200DF8720021A83D /* SideMenu_2-Bridging-Header.h */ = {isa = PBXFileReference; lastKnownFileType = sourcecode.c.h; path = "SideMenu_2-Bridging-Header.h"; sourceTree = "<group>"; };
		4BD7E5F7200DF8730021A83D /* SWRevealViewController.h */ = {isa = PBXFileReference; fileEncoding = 4; lastKnownFileType = sourcecode.c.h; path = SWRevealViewController.h; sourceTree = "<group>"; };
		4BD7E5F8200DF8730021A83D /* SWRevealViewController.m */ = {isa = PBXFileReference; fileEncoding = 4; lastKnownFileType = sourcecode.c.objc; path = SWRevealViewController.m; sourceTree = "<group>"; };
		4BD7E5FA200DFD010021A83D /* ViewController.swift */ = {isa = PBXFileReference; lastKnownFileType = sourcecode.swift; path = ViewController.swift; sourceTree = "<group>"; };
/* End PBXFileReference section */

/* Begin PBXFrameworksBuildPhase section */
		4BD7E5DE200DF7D80021A83D /* Frameworks */ = {
			isa = PBXFrameworksBuildPhase;
			buildActionMask = 2147483647;
			files = (
			);
			runOnlyForDeploymentPostprocessing = 0;
		};
/* End PBXFrameworksBuildPhase section */

/* Begin PBXGroup section */
		4BD7E5D8200DF7D80021A83D = {
			isa = PBXGroup;
			children = (
				4BD7E5E3200DF7D80021A83D /* SideMenu_2 */,
				4BD7E5E2200DF7D80021A83D /* Products */,
			);
			sourceTree = "<group>";
		};
		4BD7E5E2200DF7D80021A83D /* Products */ = {
			isa = PBXGroup;
			children = (
				4BD7E5E1200DF7D80021A83D /* SideMenu_2.app */,
			);
			name = Products;
			sourceTree = "<group>";
		};
		4BD7E5E3200DF7D80021A83D /* SideMenu_2 */ = {
			isa = PBXGroup;
			children = (
				4BD7E5E4200DF7D80021A83D /* AppDelegate.swift */,
				4BD7E5E8200DF7D80021A83D /* Main.storyboard */,
				4BD7E5FA200DFD010021A83D /* ViewController.swift */,
				4BD7E5F7200DF8730021A83D /* SWRevealViewController.h */,
				4BD7E5F8200DF8730021A83D /* SWRevealViewController.m */,
				4BD7E5EB200DF7D80021A83D /* Assets.xcassets */,
				4BD7E5ED200DF7D80021A83D /* LaunchScreen.storyboard */,
				4BD7E5F0200DF7D80021A83D /* Info.plist */,
				4BD7E5F6200DF8720021A83D /* SideMenu_2-Bridging-Header.h */,
			);
			path = SideMenu_2;
			sourceTree = "<group>";
		};
/* End PBXGroup section */

/* Begin PBXNativeTarget section */
		4BD7E5E0200DF7D80021A83D /* SideMenu_2 */ = {
			isa = PBXNativeTarget;
			buildConfigurationList = 4BD7E5F3200DF7D80021A83D /* Build configuration list for PBXNativeTarget "SideMenu_2" */;
			buildPhases = (
				4BD7E5DD200DF7D80021A83D /* Sources */,
				4BD7E5DE200DF7D80021A83D /* Frameworks */,
				4BD7E5DF200DF7D80021A83D /* Resources */,
			);
			buildRules = (
			);
			dependencies = (
			);
			name = SideMenu_2;
			productName = SideMenu_2;
			productReference = 4BD7E5E1200DF7D80021A83D /* SideMenu_2.app */;
			productType = "com.apple.product-type.application";
		};
/* End PBXNativeTarget section */

/* Begin PBXProject section */
		4BD7E5D9200DF7D80021A83D /* Project object */ = {
			isa = PBXProject;
			attributes = {
				LastSwiftUpdateCheck = 0920;
				LastUpgradeCheck = 0920;
				ORGANIZATIONNAME = Nikhil;
				TargetAttributes = {
					4BD7E5E0200DF7D80021A83D = {
						CreatedOnToolsVersion = 9.2;
						LastSwiftMigration = 0920;
						ProvisioningStyle = Automatic;
					};
				};
			};
			buildConfigurationList = 4BD7E5DC200DF7D80021A83D /* Build configuration list for PBXProject "SideMenu_2" */;
			compatibilityVersion = "Xcode 8.0";
			developmentRegion = en;
			hasScannedForEncodings = 0;
			knownRegions = (
				en,
				Base,
			);
			mainGroup = 4BD7E5D8200DF7D80021A83D;
			productRefGroup = 4BD7E5E2200DF7D80021A83D /* Products */;
			projectDirPath = "";
			projectRoot = "";
			targets = (
				4BD7E5E0200DF7D80021A83D /* SideMenu_2 */,
			);
		};
/* End PBXProject section */

/* Begin PBXResourcesBuildPhase section */
		4BD7E5DF200DF7D80021A83D /* Resources */ = {
			isa = PBXResourcesBuildPhase;
			buildActionMask = 2147483647;
			files = (
				4BD7E5EF200DF7D80021A83D /* LaunchScreen.storyboard in Resources */,
				4BD7E5EC200DF7D80021A83D /* Assets.xcassets in Resources */,
				4BD7E5EA200DF7D80021A83D /* Main.storyboard in Resources */,
			);
			runOnlyForDeploymentPostprocessing = 0;
		};
/* End PBXResourcesBuildPhase section */

/* Begin PBXSourcesBuildPhase section */
		4BD7E5DD200DF7D80021A83D /* Sources */ = {
			isa = PBXSourcesBuildPhase;
			buildActionMask = 2147483647;
			files = (
				4BD7E5FB200DFD010021A83D /* ViewController.swift in Sources */,
				4BD7E5E5200DF7D80021A83D /* AppDelegate.swift in Sources */,
				4BD7E5F9200DF8730021A83D /* SWRevealViewController.m in Sources */,
			);
			runOnlyForDeploymentPostprocessing = 0;
		};
/* End PBXSourcesBuildPhase section */

/* Begin PBXVariantGroup section */
		4BD7E5E8200DF7D80021A83D /* Main.storyboard */ = {
			isa = PBXVariantGroup;
			children = (
				4BD7E5E9200DF7D80021A83D /* Base */,
			);
			name = Main.storyboard;
			sourceTree = "<group>";
		};
		4BD7E5ED200DF7D80021A83D /* LaunchScreen.storyboard */ = {
			isa = PBXVariantGroup;
			children = (
				4BD7E5EE200DF7D80021A83D /* Base */,
			);
			name = LaunchScreen.storyboard;
			sourceTree = "<group>";
		};
/* End PBXVariantGroup section */

/* Begin XCBuildConfiguration section */
		4BD7E5F1200DF7D80021A83D /* Debug */ = {
			isa = XCBuildConfiguration;
			buildSettings = {
				ALWAYS_SEARCH_USER_PATHS = NO;
				CLANG_ANALYZER_NONNULL = YES;
				CLANG_ANALYZER_NUMBER_OBJECT_CONVERSION = YES_AGGRESSIVE;
				CLANG_CXX_LANGUAGE_STANDARD = "gnu++14";
				CLANG_CXX_LIBRARY = "libc++";
				CLANG_ENABLE_MODULES = YES;
				CLANG_ENABLE_OBJC_ARC = YES;
				CLANG_WARN_BLOCK_CAPTURE_AUTORELEASING = YES;
				CLANG_WARN_BOOL_CONVERSION = YES;
				CLANG_WARN_COMMA = YES;
				CLANG_WARN_CONSTANT_CONVERSION = YES;
				CLANG_WARN_DIRECT_OBJC_ISA_USAGE = YES_ERROR;
				CLANG_WARN_DOCUMENTATION_COMMENTS = YES;
				CLANG_WARN_EMPTY_BODY = YES;
				CLANG_WARN_ENUM_CONVERSION = YES;
				CLANG_WARN_INFINITE_RECURSION = YES;
				CLANG_WARN_INT_CONVERSION = YES;
				CLANG_WARN_NON_LITERAL_NULL_CONVERSION = YES;
				CLANG_WARN_OBJC_LITERAL_CONVERSION = YES;
				CLANG_WARN_OBJC_ROOT_CLASS = YES_ERROR;
				CLANG_WARN_RANGE_LOOP_ANALYSIS = YES;
				CLANG_WARN_STRICT_PROTOTYPES = YES;
				CLANG_WARN_SUSPICIOUS_MOVE = YES;
				CLANG_WARN_UNGUARDED_AVAILABILITY = YES_AGGRESSIVE;
				CLANG_WARN_UNREACHABLE_CODE = YES;
				CLANG_WARN__DUPLICATE_METHOD_MATCH = YES;
				CODE_SIGN_IDENTITY = "iPhone Developer";
				COPY_PHASE_STRIP = NO;
				DEBUG_INFORMATION_FORMAT = dwarf;
				ENABLE_STRICT_OBJC_MSGSEND = YES;
				ENABLE_TESTABILITY = YES;
				GCC_C_LANGUAGE_STANDARD = gnu11;
				GCC_DYNAMIC_NO_PIC = NO;
				GCC_NO_COMMON_BLOCKS = YES;
				GCC_OPTIMIZATION_LEVEL = 0;
				GCC_PREPROCESSOR_DEFINITIONS = (
					"DEBUG=1",
					"$(inherited)",
				);
				GCC_WARN_64_TO_32_BIT_CONVERSION = YES;
				GCC_WARN_ABOUT_RETURN_TYPE = YES_ERROR;
				GCC_WARN_UNDECLARED_SELECTOR = YES;
				GCC_WARN_UNINITIALIZED_AUTOS = YES_AGGRESSIVE;
				GCC_WARN_UNUSED_FUNCTION = YES;
				GCC_WARN_UNUSED_VARIABLE = YES;
				IPHONEOS_DEPLOYMENT_TARGET = 11.2;
				MTL_ENABLE_DEBUG_INFO = YES;
				ONLY_ACTIVE_ARCH = YES;
				SDKROOT = iphoneos;
				SWIFT_ACTIVE_COMPILATION_CONDITIONS = DEBUG;
				SWIFT_OPTIMIZATION_LEVEL = "-Onone";
			};
			name = Debug;
		};
		4BD7E5F2200DF7D80021A83D /* Release */ = {
			isa = XCBuildConfiguration;
			buildSettings = {
				ALWAYS_SEARCH_USER_PATHS = NO;
				CLANG_ANALYZER_NONNULL = YES;
				CLANG_ANALYZER_NUMBER_OBJECT_CONVERSION = YES_AGGRESSIVE;
				CLANG_CXX_LANGUAGE_STANDARD = "gnu++14";
				CLANG_CXX_LIBRARY = "libc++";
				CLANG_ENABLE_MODULES = YES;
				CLANG_ENABLE_OBJC_ARC = YES;
				CLANG_WARN_BLOCK_CAPTURE_AUTORELEASING = YES;
				CLANG_WARN_BOOL_CONVERSION = YES;
				CLANG_WARN_COMMA = YES;
				CLANG_WARN_CONSTANT_CONVERSION = YES;
				CLANG_WARN_DIRECT_OBJC_ISA_USAGE = YES_ERROR;
				CLANG_WARN_DOCUMENTATION_COMMENTS = YES;
				CLANG_WARN_EMPTY_BODY = YES;
				CLANG_WARN_ENUM_CONVERSION = YES;
				CLANG_WARN_INFINITE_RECURSION = YES;
				CLANG_WARN_INT_CONVERSION = YES;
				CLANG_WARN_NON_LITERAL_NULL_CONVERSION = YES;
				CLANG_WARN_OBJC_LITERAL_CONVERSION = YES;
				CLANG_WARN_OBJC_ROOT_CLASS = YES_ERROR;
				CLANG_WARN_RANGE_LOOP_ANALYSIS = YES;
				CLANG_WARN_STRICT_PROTOTYPES = YES;
				CLANG_WARN_SUSPICIOUS_MOVE = YES;
				CLANG_WARN_UNGUARDED_AVAILABILITY = YES_AGGRESSIVE;
				CLANG_WARN_UNREACHABLE_CODE = YES;
				CLANG_WARN__DUPLICATE_METHOD_MATCH = YES;
				CODE_SIGN_IDENTITY = "iPhone Developer";
				COPY_PHASE_STRIP = NO;
				DEBUG_INFORMATION_FORMAT = "dwarf-with-dsym";
				ENABLE_NS_ASSERTIONS = NO;
				ENABLE_STRICT_OBJC_MSGSEND = YES;
				GCC_C_LANGUAGE_STANDARD = gnu11;
				GCC_NO_COMMON_BLOCKS = YES;
				GCC_WARN_64_TO_32_BIT_CONVERSION = YES;
				GCC_WARN_ABOUT_RETURN_TYPE = YES_ERROR;
				GCC_WARN_UNDECLARED_SELECTOR = YES;
				GCC_WARN_UNINITIALIZED_AUTOS = YES_AGGRESSIVE;
				GCC_WARN_UNUSED_FUNCTION = YES;
				GCC_WARN_UNUSED_VARIABLE = YES;
				IPHONEOS_DEPLOYMENT_TARGET = 11.2;
				MTL_ENABLE_DEBUG_INFO = NO;
				SDKROOT = iphoneos;
				SWIFT_OPTIMIZATION_LEVEL = "-Owholemodule";
				VALIDATE_PRODUCT = YES;
			};
			name = Release;
		};
		4BD7E5F4200DF7D80021A83D /* Debug */ = {
			isa = XCBuildConfiguration;
			buildSettings = {
				ASSETCATALOG_COMPILER_APPICON_NAME = AppIcon;
				CLANG_ENABLE_MODULES = YES;
				CODE_SIGN_STYLE = Automatic;
				INFOPLIST_FILE = SideMenu_2/Info.plist;
				LD_RUNPATH_SEARCH_PATHS = "$(inherited) @executable_path/Frameworks";
				PRODUCT_BUNDLE_IDENTIFIER = "com.scl.SideMenu-2";
				PRODUCT_NAME = "$(TARGET_NAME)";
				SWIFT_OBJC_BRIDGING_HEADER = "SideMenu_2/SideMenu_2-Bridging-Header.h";
				SWIFT_OPTIMIZATION_LEVEL = "-Onone";
				SWIFT_VERSION = 4.0;
				TARGETED_DEVICE_FAMILY = "1,2";
			};
			name = Debug;
		};
		4BD7E5F5200DF7D80021A83D /* Release */ = {
			isa = XCBuildConfiguration;
			buildSettings = {
				ASSETCATALOG_COMPILER_APPICON_NAME = AppIcon;
				CLANG_ENABLE_MODULES = YES;
				CODE_SIGN_STYLE = Automatic;
				INFOPLIST_FILE = SideMenu_2/Info.plist;
				LD_RUNPATH_SEARCH_PATHS = "$(inherited) @executable_path/Frameworks";
				PRODUCT_BUNDLE_IDENTIFIER = "com.scl.SideMenu-2";
				PRODUCT_NAME = "$(TARGET_NAME)";
				SWIFT_OBJC_BRIDGING_HEADER = "SideMenu_2/SideMenu_2-Bridging-Header.h";
				SWIFT_VERSION = 4.0;
				TARGETED_DEVICE_FAMILY = "1,2";
			};
			name = Release;
		};
/* End XCBuildConfiguration section */

/* Begin XCConfigurationList section */
		4BD7E5DC200DF7D80021A83D /* Build configuration list for PBXProject "SideMenu_2" */ = {
			isa = XCConfigurationList;
			buildConfigurations = (
				4BD7E5F1200DF7D80021A83D /* Debug */,
				4BD7E5F2200DF7D80021A83D /* Release */,
			);
			defaultConfigurationIsVisible = 0;
			defaultConfigurationName = Release;
		};
		4BD7E5F3200DF7D80021A83D /* Build configuration list for PBXNativeTarget "SideMenu_2" */ = {
			isa = XCConfigurationList;
			buildConfigurations = (
				4BD7E5F4200DF7D80021A83D /* Debug */,
				4BD7E5F5200DF7D80021A83D /* Release */,
			);
			defaultConfigurationIsVisible = 0;
			defaultConfigurationName = Release;
		};
/* End XCConfigurationList section */
	};
	rootObject = 4BD7E5D9200DF7D80021A83D /* Project object */;
}
